
Microsoft Visual Studio Solution File, Format Version 12.00
# Visual Studio Version 16
VisualStudioVersion = 16.0.30517.126
MinimumVisualStudioVersion = 10.0.40219.1
Project("{FAE04EC0-301F-11D3-BF4B-00C04F79EFBC}") = "Ex13_MR", "Ex13_MarcinRybinski\Ex13_MR.csproj", "{FAED9E53-1C0F-494E-93FD-A2CDA7BC92D5}"
EndProject
Global
	GlobalSection(SolutionConfigurationPlatforms) = preSolution
		Debug|Any CPU = Debug|Any CPU
		Release|Any CPU = Release|Any CPU
	EndGlobalSection
	GlobalSection(ProjectConfigurationPlatforms) = postSolution
		{FAED9E53-1C0F-494E-93FD-A2CDA7BC92D5}.Debug|Any CPU.ActiveCfg = Debug|Any CPU
		{FAED9E53-1C0F-494E-93FD-A2CDA7BC92D5}.Debug|Any CPU.Build.0 = Debug|Any CPU
		{FAED9E53-1C0F-494E-93FD-A2CDA7BC92D5}.Release|Any CPU.ActiveCfg = Release|Any CPU
		{FAED9E53-1C0F-494E-93FD-A2CDA7BC92D5}.Release|Any CPU.Build.0 = Release|Any CPU
	EndGlobalSection
	GlobalSection(SolutionProperties) = preSolution
		HideSolutionNode = FALSE
	EndGlobalSection
	GlobalSection(ExtensibilityGlobals) = postSolution
		SolutionGuid = {0FD8E3EE-64E5-4FCA-89C0-E33CBADACBF4}
	EndGlobalSection
EndGlobal
