
Microsoft Visual Studio Solution File, Format Version 12.00
# Visual Studio Version 16
VisualStudioVersion = 16.0.30711.63
MinimumVisualStudioVersion = 10.0.40219.1
Project("{9A19103F-16F7-4668-BE54-9A1E7A4F7556}") = "Ex16.MR.API", "Ex16.MR.API\Ex16.MR.API.csproj", "{9170DDB5-1F8C-4C13-A2A2-48BE598CB958}"
EndProject
Project("{9A19103F-16F7-4668-BE54-9A1E7A4F7556}") = "Ex16.MR.BLL", "Ex16.MR.BLL\Ex16.MR.BLL.csproj", "{BB6C502A-C983-4EE6-8D1F-387AD4459E7F}"
EndProject
Global
	GlobalSection(SolutionConfigurationPlatforms) = preSolution
		Debug|Any CPU = Debug|Any CPU
		Release|Any CPU = Release|Any CPU
	EndGlobalSection
	GlobalSection(ProjectConfigurationPlatforms) = postSolution
		{9170DDB5-1F8C-4C13-A2A2-48BE598CB958}.Debug|Any CPU.ActiveCfg = Debug|Any CPU
		{9170DDB5-1F8C-4C13-A2A2-48BE598CB958}.Debug|Any CPU.Build.0 = Debug|Any CPU
		{9170DDB5-1F8C-4C13-A2A2-48BE598CB958}.Release|Any CPU.ActiveCfg = Release|Any CPU
		{9170DDB5-1F8C-4C13-A2A2-48BE598CB958}.Release|Any CPU.Build.0 = Release|Any CPU
		{BB6C502A-C983-4EE6-8D1F-387AD4459E7F}.Debug|Any CPU.ActiveCfg = Debug|Any CPU
		{BB6C502A-C983-4EE6-8D1F-387AD4459E7F}.Debug|Any CPU.Build.0 = Debug|Any CPU
		{BB6C502A-C983-4EE6-8D1F-387AD4459E7F}.Release|Any CPU.ActiveCfg = Release|Any CPU
		{BB6C502A-C983-4EE6-8D1F-387AD4459E7F}.Release|Any CPU.Build.0 = Release|Any CPU
	EndGlobalSection
	GlobalSection(SolutionProperties) = preSolution
		HideSolutionNode = FALSE
	EndGlobalSection
	GlobalSection(ExtensibilityGlobals) = postSolution
		SolutionGuid = {4A01DD88-661B-47EC-8697-DA841E937FD2}
	EndGlobalSection
EndGlobal
